{
  "name": "wx-vrender-local-smoke",
  "version": "0.0.0",
  "lockfileVersion": 3,
  "requires": true,
  "packages": {
    "": {
      "name": "wx-vrender-local-smoke",
      "version": "0.0.0",
      "dependencies": {
        "@visactor/vrender": "1.1.0-alpha.21",
        "js-binary-schema-parser": "^2.0.3"
      },
      "devDependencies": {
        "miniprogram-api-typings": "^5.2.1",
        "typescript": "^5.9.0"
      }
    },
    "node_modules/@resvg/resvg-js": {
      "version": "2.4.1",
      "resolved": "https://bnpm.byted.org/@resvg/resvg-js/-/resvg-js-2.4.1.tgz",
      "integrity": "sha512-wTOf1zerZX8qYcMmLZw3czR4paI4hXqPjShNwJRh5DeHxvgffUS5KM7XwxtbIheUW6LVYT5fhT2AJiP6mU7U4A==",
      "license": "MPL-2.0",
      "engines": {
        "node": ">= 10"
      },
      "optionalDependencies": {
        "@resvg/resvg-js-android-arm-eabi": "2.4.1",
        "@resvg/resvg-js-android-arm64": "2.4.1",
        "@resvg/resvg-js-darwin-arm64": "2.4.1",
        "@resvg/resvg-js-darwin-x64": "2.4.1",
        "@resvg/resvg-js-linux-arm-gnueabihf": "2.4.1",
        "@resvg/resvg-js-linux-arm64-gnu": "2.4.1",
        "@resvg/resvg-js-linux-arm64-musl": "2.4.1",
        "@resvg/resvg-js-linux-x64-gnu": "2.4.1",
        "@resvg/resvg-js-linux-x64-musl": "2.4.1",
        "@resvg/resvg-js-win32-arm64-msvc": "2.4.1",
        "@resvg/resvg-js-win32-ia32-msvc": "2.4.1",
        "@resvg/resvg-js-win32-x64-msvc": "2.4.1"
      }
    },
    "node_modules/@resvg/resvg-js-android-arm-eabi": {
      "version": "2.4.1",
      "resolved": "https://bnpm.byted.org/@resvg/resvg-js-android-arm-eabi/-/resvg-js-android-arm-eabi-2.4.1.tgz",
      "integrity": "sha512-AA6f7hS0FAPpvQMhBCf6f1oD1LdlqNXKCxAAPpKh6tR11kqV0YIB9zOlIYgITM14mq2YooLFl6XIbbvmY+jwUw==",
      "cpu": [
        "arm"
      ],
      "license": "MPL-2.0",
      "optional": true,
      "os": [
        "android"
      ],
      "engines": {
        "node": ">= 10"
      }
    },
    "node_modules/@resvg/resvg-js-android-arm64": {
      "version": "2.4.1",
      "resolved": "https://bnpm.byted.org/@resvg/resvg-js-android-arm64/-/resvg-js-android-arm64-2.4.1.tgz",
      "integrity": "sha512-/QleoRdPfsEuH9jUjilYcDtKK/BkmWcK+1LXM8L2nsnf/CI8EnFyv7ZzCj4xAIvZGAy9dTYr/5NZBcTwxG2HQg==",
      "cpu": [
        "arm64"
      ],
      "license": "MPL-2.0",
      "optional": true,
      "os": [
        "android"
      ],
      "engines": {
        "node": ">= 10"
      }
    },
    "node_modules/@resvg/resvg-js-darwin-arm64": {
      "version": "2.4.1",
      "resolved": "https://bnpm.byted.org/@resvg/resvg-js-darwin-arm64/-/resvg-js-darwin-arm64-2.4.1.tgz",
      "integrity": "sha512-U1oMNhea+kAXgiEXgzo7EbFGCD1Edq5aSlQoe6LMly6UjHzgx2W3N5kEXCwU/CgN5FiQhZr7PlSJSlcr7mdhfg==",
      "cpu": [
        "arm64"
      ],
      "license": "MPL-2.0",
      "optional": true,
      "os": [
        "darwin"
      ],
      "engines": {
        "node": ">= 10"
      }
    },
    "node_modules/@resvg/resvg-js-darwin-x64": {
      "version": "2.4.1",
      "resolved": "https://bnpm.byted.org/@resvg/resvg-js-darwin-x64/-/resvg-js-darwin-x64-2.4.1.tgz",
      "integrity": "sha512-avyVh6DpebBfHHtTQTZYSr6NG1Ur6TEilk1+H0n7V+g4F7x7WPOo8zL00ZhQCeRQ5H4f8WXNWIEKL8fwqcOkYw==",
      "cpu": [
        "x64"
      ],
      "license": "MPL-2.0",
      "optional": true,
      "os": [
        "darwin"
      ],
      "engines": {
        "node": ">= 10"
      }
    },
    "node_modules/@resvg/resvg-js-linux-arm-gnueabihf": {
      "version": "2.4.1",
      "resolved": "https://bnpm.byted.org/@resvg/resvg-js-linux-arm-gnueabihf/-/resvg-js-linux-arm-gnueabihf-2.4.1.tgz",
      "integrity": "sha512-isY/mdKoBWH4VB5v621co+8l101jxxYjuTkwOLsbW+5RK9EbLciPlCB02M99ThAHzI2MYxIUjXNmNgOW8btXvw==",
      "cpu": [
        "arm"
      ],
      "license": "MPL-2.0",
      "optional": true,
      "os": [
        "linux"
      ],
      "engines": {
        "node": ">= 10"
      }
    },
    "node_modules/@resvg/resvg-js-linux-arm64-gnu": {
      "version": "2.4.1",
      "resolved": "https://bnpm.byted.org/@resvg/resvg-js-linux-arm64-gnu/-/resvg-js-linux-arm64-gnu-2.4.1.tgz",
      "integrity": "sha512-uY5voSCrFI8TH95vIYBm5blpkOtltLxLRODyhKJhGfskOI7XkRw5/t1u0sWAGYD8rRSNX+CA+np86otKjubrNg==",
      "cpu": [
        "arm64"
      ],
      "license": "MPL-2.0",
      "optional": true,
      "os": [
        "linux"
      ],
      "engines": {
        "node": ">= 10"
      }
    },
    "node_modules/@resvg/resvg-js-linux-arm64-musl": {
      "version": "2.4.1",
      "resolved": "https://bnpm.byted.org/@resvg/resvg-js-linux-arm64-musl/-/resvg-js-linux-arm64-musl-2.4.1.tgz",
      "integrity": "sha512-6mT0+JBCsermKMdi/O2mMk3m7SqOjwi9TKAwSngRZ/nQoL3Z0Z5zV+572ztgbWr0GODB422uD8e9R9zzz38dRQ==",
      "cpu": [
        "arm64"
      ],
      "license": "MPL-2.0",
      "optional": true,
      "os": [
        "linux"
      ],
      "engines": {
        "node": ">= 10"
      }
    },
    "node_modules/@resvg/resvg-js-linux-x64-gnu": {
      "version": "2.4.1",
      "resolved": "https://bnpm.byted.org/@resvg/resvg-js-linux-x64-gnu/-/resvg-js-linux-x64-gnu-2.4.1.tgz",
      "integrity": "sha512-60KnrscLj6VGhkYOJEmmzPlqqfcw1keDh6U+vMcNDjPhV3B5vRSkpP/D/a8sfokyeh4VEacPSYkWGezvzS2/mg==",
      "cpu": [
        "x64"
      ],
      "license": "MPL-2.0",
      "optional": true,
      "os": [
        "linux"
      ],
      "engines": {
        "node": ">= 10"
      }
    },
    "node_modules/@resvg/resvg-js-linux-x64-musl": {
      "version": "2.4.1",
      "resolved": "https://bnpm.byted.org/@resvg/resvg-js-linux-x64-musl/-/resvg-js-linux-x64-musl-2.4.1.tgz",
      "integrity": "sha512-0AMyZSICC1D7ge115cOZQW8Pcad6PjWuZkBFF3FJuSxC6Dgok0MQnLTs2MfMdKBlAcwO9dXsf3bv9tJZj8pATA==",
      "cpu": [
        "x64"
      ],
      "license": "MPL-2.0",
      "optional": true,
      "os": [
        "linux"
      ],
      "engines": {
        "node": ">= 10"
      }
    },
    "node_modules/@resvg/resvg-js-win32-arm64-msvc": {
      "version": "2.4.1",
      "resolved": "https://bnpm.byted.org/@resvg/resvg-js-win32-arm64-msvc/-/resvg-js-win32-arm64-msvc-2.4.1.tgz",
      "integrity": "sha512-76XDFOFSa3d0QotmcNyChh2xHwk+JTFiEQBVxMlHpHMeq7hNrQJ1IpE1zcHSQvrckvkdfLboKRrlGB86B10Qjw==",
      "cpu": [
        "arm64"
      ],
      "license": "MPL-2.0",
      "optional": true,
      "os": [
        "win32"
      ],
      "engines": {
        "node": ">= 10"
      }
    },
    "node_modules/@resvg/resvg-js-win32-ia32-msvc": {
      "version": "2.4.1",
      "resolved": "https://bnpm.byted.org/@resvg/resvg-js-win32-ia32-msvc/-/resvg-js-win32-ia32-msvc-2.4.1.tgz",
      "integrity": "sha512-odyVFGrEWZIzzJ89KdaFtiYWaIJh9hJRW/frcEcG3agJ464VXkN/2oEVF5ulD+5mpGlug9qJg7htzHcKxDN8sg==",
      "cpu": [
        "ia32"
      ],
      "license": "MPL-2.0",
      "optional": true,
      "os": [
        "win32"
      ],
      "engines": {
        "node": ">= 10"
      }
    },
    "node_modules/@resvg/resvg-js-win32-x64-msvc": {
      "version": "2.4.1",
      "resolved": "https://bnpm.byted.org/@resvg/resvg-js-win32-x64-msvc/-/resvg-js-win32-x64-msvc-2.4.1.tgz",
      "integrity": "sha512-vY4kTLH2S3bP+puU5x7hlAxHv+ulFgcK6Zn3efKSr0M0KnZ9A3qeAjZteIpkowEFfUeMPNg2dvvoFRJA9zqxSw==",
      "cpu": [
        "x64"
      ],
      "license": "MPL-2.0",
      "optional": true,
      "os": [
        "win32"
      ],
      "engines": {
        "node": ">= 10"
      }
    },
    "node_modules/@turf/helpers": {
      "version": "6.5.0",
      "resolved": "https://bnpm.byted.org/@turf/helpers/-/helpers-6.5.0.tgz",
      "integrity": "sha512-VbI1dV5bLFzohYYdgqwikdMVpe7pJ9X3E+dlr425wa2/sMJqYDhTO++ec38/pcPvPE6oD9WEEeU3Xu3gza+VPw==",
      "license": "MIT",
      "funding": {
        "url": "https://opencollective.com/turf"
      }
    },
    "node_modules/@turf/invariant": {
      "version": "6.5.0",
      "resolved": "https://bnpm.byted.org/@turf/invariant/-/invariant-6.5.0.tgz",
      "integrity": "sha512-Wv8PRNCtPD31UVbdJE/KVAWKe7l6US+lJItRR/HOEW3eh+U/JwRCSUl/KZ7bmjM/C+zLNoreM2TU6OoLACs4eg==",
      "license": "MIT",
      "dependencies": {
        "@turf/helpers": "^6.5.0"
      },
      "funding": {
        "url": "https://opencollective.com/turf"
      }
    },
    "node_modules/@visactor/vrender": {
      "version": "1.1.0-alpha.21",
      "resolved": "https://bnpm.byted.org/@visactor/vrender/-/vrender-1.1.0-alpha.21.tgz",
      "integrity": "sha512-9YBs9XPuCzeC3EXFCmbBMq5Jlv80zX56g8WWwF0X3BmA+PVVaO9Y0j2GeOH/1KYh5Qf6ExJ0+ZmaghLPfi9aCQ==",
      "license": "MIT",
      "dependencies": {
        "@visactor/vrender-animate": "1.1.0-alpha.21",
        "@visactor/vrender-components": "1.1.0-alpha.21",
        "@visactor/vrender-core": "1.1.0-alpha.21",
        "@visactor/vrender-kits": "1.1.0-alpha.21"
      }
    },
    "node_modules/@visactor/vrender-animate": {
      "version": "1.1.0-alpha.21",
      "resolved": "https://bnpm.byted.org/@visactor/vrender-animate/-/vrender-animate-1.1.0-alpha.21.tgz",
      "integrity": "sha512-Eu7p3x7l7Jxi0d80BaJzF7LiD9cT/oHOsnl2FTUQjqqtSLoJfEJtxkmNSFtf/t4SaMh6kR92PcpBMwH9uLfFgw==",
      "license": "MIT",
      "dependencies": {
        "@visactor/vrender-core": "1.1.0-alpha.21",
        "@visactor/vutils": "~1.0.12"
      }
    },
    "node_modules/@visactor/vrender-components": {
      "version": "1.1.0-alpha.21",
      "resolved": "https://bnpm.byted.org/@visactor/vrender-components/-/vrender-components-1.1.0-alpha.21.tgz",
      "integrity": "sha512-p/VCdueSvLIfZC+rf0g9edt/se3DW3B9H3jlYe7FgEfJ3V5Nd8rGYmGbvptnK2uafqVe8U6PBMFwnspR3hxtpw==",
      "license": "MIT",
      "dependencies": {
        "@visactor/vrender-animate": "1.1.0-alpha.21",
        "@visactor/vrender-core": "1.1.0-alpha.21",
        "@visactor/vrender-kits": "1.1.0-alpha.21",
        "@visactor/vscale": "~1.0.12",
        "@visactor/vutils": "~1.0.12"
      }
    },
    "node_modules/@visactor/vrender-core": {
      "version": "1.1.0-alpha.21",
      "resolved": "https://bnpm.byted.org/@visactor/vrender-core/-/vrender-core-1.1.0-alpha.21.tgz",
      "integrity": "sha512-Q2Lg1UkaLYshQJMZ3VRL0I67byuytHN24Peh+rwX7/9ZhsuUc1qCkSs1NxFoNdmMF+3EHk6U9HXmyY8a8dxchg==",
      "license": "MIT",
      "dependencies": {
        "@visactor/vutils": "~1.0.12",
        "color-convert": "2.0.1"
      }
    },
    "node_modules/@visactor/vrender-kits": {
      "version": "1.1.0-alpha.21",
      "resolved": "https://bnpm.byted.org/@visactor/vrender-kits/-/vrender-kits-1.1.0-alpha.21.tgz",
      "integrity": "sha512-2R/RY2uXmUh5kFP469NfBOOf/kefMHMQyxMpr2wpLawBeKpqN/Jq+hI+ecXvh5vJIu7wB1/IKYIirOyJG2eMSg==",
      "license": "MIT",
      "dependencies": {
        "@resvg/resvg-js": "2.4.1",
        "@visactor/vrender-core": "1.1.0-alpha.21",
        "@visactor/vutils": "~1.0.12",
        "gifuct-js": "2.1.2",
        "lottie-web": "^5.12.2",
        "roughjs": "4.6.6"
      }
    },
    "node_modules/@visactor/vscale": {
      "version": "1.0.23",
      "resolved": "https://bnpm.byted.org/@visactor/vscale/-/vscale-1.0.23.tgz",
      "integrity": "sha512-XePhYuRoNAp+8MeSMuEOOvhVAlOwvM1sDT2yFxE6zdwVB2GjZk8mH+5N2xQGQWk75YmGJjlJASFtgwjlb1yWxw==",
      "license": "MIT",
      "dependencies": {
        "@visactor/vutils": "1.0.23"
      }
    },
    "node_modules/@visactor/vutils": {
      "version": "1.0.23",
      "resolved": "https://bnpm.byted.org/@visactor/vutils/-/vutils-1.0.23.tgz",
      "integrity": "sha512-M8SLqgdHhKN8QmQKTWD1gzEaHptpIV9pvMYvC6+VeOsqYvZZ6UdhSCAAczTYVo+m/uwcEC2JHSUspbrs8rzlRQ==",
      "license": "MIT",
      "dependencies": {
        "@turf/helpers": "^6.5.0",
        "@turf/invariant": "^6.5.0",
        "eventemitter3": "^4.0.7"
      }
    },
    "node_modules/color-convert": {
      "version": "2.0.1",
      "resolved": "https://bnpm.byted.org/color-convert/-/color-convert-2.0.1.tgz",
      "integrity": "sha512-RRECPsj7iu/xb5oKYcsFHSppFNnsj/52OVTRKb4zP5onXwVF3zVmmToNcOfGC+CRDpfK/U584fMg38ZHCaElKQ==",
      "license": "MIT",
      "dependencies": {
        "color-name": "~1.1.4"
      },
      "engines": {
        "node": ">=7.0.0"
      }
    },
    "node_modules/color-name": {
      "version": "1.1.4",
      "resolved": "https://bnpm.byted.org/color-name/-/color-name-1.1.4.tgz",
      "integrity": "sha512-dOy+3AuW3a2wNbZHIuMZpTcgjGuLU/uBL/ubcZF9OXbDo8ff4O8yVp5Bf0efS8uEoYo5q4Fx7dY9OgQGXgAsQA==",
      "license": "MIT"
    },
    "node_modules/eventemitter3": {
      "version": "4.0.7",
      "resolved": "https://bnpm.byted.org/eventemitter3/-/eventemitter3-4.0.7.tgz",
      "integrity": "sha512-8guHBZCwKnFhYdHr2ysuRWErTwhoN2X8XELRlrRwpmfeY2jjuUN4taQMsULKUVo1K4DvZl+0pgfyoysHxvmvEw==",
      "license": "MIT"
    },
    "node_modules/gifuct-js": {
      "version": "2.1.2",
      "resolved": "https://bnpm.byted.org/gifuct-js/-/gifuct-js-2.1.2.tgz",
      "integrity": "sha512-rI2asw77u0mGgwhV3qA+OEgYqaDn5UNqgs+Bx0FGwSpuqfYn+Ir6RQY5ENNQ8SbIiG/m5gVa7CD5RriO4f4Lsg==",
      "license": "MIT",
      "dependencies": {
        "js-binary-schema-parser": "^2.0.3"
      }
    },
    "node_modules/hachure-fill": {
      "version": "0.5.2",
      "resolved": "https://bnpm.byted.org/hachure-fill/-/hachure-fill-0.5.2.tgz",
      "integrity": "sha512-3GKBOn+m2LX9iq+JC1064cSFprJY4jL1jCXTcpnfER5HYE2l/4EfWSGzkPa/ZDBmYI0ZOEj5VHV/eKnPGkHuOg==",
      "license": "MIT"
    },
    "node_modules/js-binary-schema-parser": {
      "version": "2.0.3",
      "resolved": "https://bnpm.byted.org/js-binary-schema-parser/-/js-binary-schema-parser-2.0.3.tgz",
      "integrity": "sha512-xezGJmOb4lk/M1ZZLTR/jaBHQ4gG/lqQnJqdIv4721DMggsa1bDVlHXNeHYogaIEHD9vCRv0fcL4hMA+Coarkg==",
      "license": "MIT"
    },
    "node_modules/lottie-web": {
      "version": "5.13.0",
      "resolved": "https://bnpm.byted.org/lottie-web/-/lottie-web-5.13.0.tgz",
      "integrity": "sha512-+gfBXl6sxXMPe8tKQm7qzLnUy5DUPJPKIyRHwtpCpyUEYjHYRJC/5gjUvdkuO2c3JllrPtHXH5UJJK8LRYl5yQ==",
      "license": "MIT"
    },
    "node_modules/miniprogram-api-typings": {
      "version": "5.2.1",
      "resolved": "https://bnpm.byted.org/miniprogram-api-typings/-/miniprogram-api-typings-5.2.1.tgz",
      "integrity": "sha512-fbB2hapWx/vaXN4olDJEIS+OOkCjHlHLX0WG74XUJqhm0VJ8dpleBdgagHATjEpcbcH2z7AV8PjpwYp9dylfYA==",
      "dev": true,
      "license": "MIT"
    },
    "node_modules/path-data-parser": {
      "version": "0.1.0",
      "resolved": "https://bnpm.byted.org/path-data-parser/-/path-data-parser-0.1.0.tgz",
      "integrity": "sha512-NOnmBpt5Y2RWbuv0LMzsayp3lVylAHLPUTut412ZA3l+C4uw4ZVkQbjShYCQ8TCpUMdPapr4YjUqLYD6v68j+w==",
      "license": "MIT"
    },
    "node_modules/points-on-curve": {
      "version": "0.2.0",
      "resolved": "https://bnpm.byted.org/points-on-curve/-/points-on-curve-0.2.0.tgz",
      "integrity": "sha512-0mYKnYYe9ZcqMCWhUjItv/oHjvgEsfKvnUTg8sAtnHr3GVy7rGkXCb6d5cSyqrWqL4k81b9CPg3urd+T7aop3A==",
      "license": "MIT"
    },
    "node_modules/points-on-path": {
      "version": "0.2.1",
      "resolved": "https://bnpm.byted.org/points-on-path/-/points-on-path-0.2.1.tgz",
      "integrity": "sha512-25ClnWWuw7JbWZcgqY/gJ4FQWadKxGWk+3kR/7kD0tCaDtPPMj7oHu2ToLaVhfpnHrZzYby2w6tUA0eOIuUg8g==",
      "license": "MIT",
      "dependencies": {
        "path-data-parser": "0.1.0",
        "points-on-curve": "0.2.0"
      }
    },
    "node_modules/roughjs": {
      "version": "4.6.6",
      "resolved": "https://bnpm.byted.org/roughjs/-/roughjs-4.6.6.tgz",
      "integrity": "sha512-ZUz/69+SYpFN/g/lUlo2FXcIjRkSu3nDarreVdGGndHEBJ6cXPdKguS8JGxwj5HA5xIbVKSmLgr5b3AWxtRfvQ==",
      "license": "MIT",
      "dependencies": {
        "hachure-fill": "^0.5.2",
        "path-data-parser": "^0.1.0",
        "points-on-curve": "^0.2.0",
        "points-on-path": "^0.2.1"
      }
    },
    "node_modules/typescript": {
      "version": "5.9.3",
      "resolved": "https://bnpm.byted.org/typescript/-/typescript-5.9.3.tgz",
      "integrity": "sha512-jl1vZzPDinLr9eUt3J/t7V6FgNEw9QjvBPdysz9KfQDD41fQrC2Y4vKQdiaUpFT4bXlb1RHhLpp8wtm6M5TgSw==",
      "dev": true,
      "license": "Apache-2.0",
      "bin": {
        "tsc": "bin/tsc",
        "tsserver": "bin/tsserver"
      },
      "engines": {
        "node": ">=14.17"
      }
    }
  }
}
